// !$*UTF8*$!
{
	archiveVersion = 1;
	classes = {
	};
	objectVersion = 46;
	objects = {

/* Begin PBXBuildFile section */
		63ADA3F31C88960B00E2E6AC /* AppDelegate.swift in Sources */ = {isa = PBXBuildFile; fileRef = 63ADA3F21C88960B00E2E6AC /* AppDelegate.swift */; };
		63ADA3F51C88960B00E2E6AC /* ViewController.swift in Sources */ = {isa = PBXBuildFile; fileRef = 63ADA3F41C88960B00E2E6AC /* ViewController.swift */; };
		63ADA3F81C88960B00E2E6AC /* Main.storyboard in Resources */ = {isa = PBXBuildFile; fileRef = 63ADA3F61C88960B00E2E6AC /* Main.storyboard */; };
		63ADA3FA1C88960B00E2E6AC /* Assets.xcassets in Resources */ = {isa = PBXBuildFile; fileRef = 63ADA3F91C88960B00E2E6AC /* Assets.xcassets */; };
		63ADA3FD1C88960B00E2E6AC /* LaunchScreen.storyboard in Resources */ = {isa = PBXBuildFile; fileRef = 63ADA3FB1C88960B00E2E6AC /* LaunchScreen.storyboard */; };
/* End PBXBuildFile section */

/* Begin PBXFileReference section */
		63ADA3EF1C88960B00E2E6AC /* SuperCool.app */ = {isa = PBXFileReference; explicitFileType = wrapper.application; includeInIndex = 0; path = SuperCool.app; sourceTree = BUILT_PRODUCTS_DIR; };
		63ADA3F21C88960B00E2E6AC /* AppDelegate.swift */ = {isa = PBXFileReference; lastKnownFileType = sourcecode.swift; path = AppDelegate.swift; sourceTree = "<group>"; };
		63ADA3F41C88960B00E2E6AC /* ViewController.swift */ = {isa = PBXFileReference; lastKnownFileType = sourcecode.swift; path = ViewController.swift; sourceTree = "<group>"; };
		63ADA3F71C88960B00E2E6AC /* Base */ = {isa = PBXFileReference; lastKnownFileType = file.storyboard; name = Base; path = Base.lproj/Main.storyboard; sourceTree = "<group>"; };
		63ADA3F91C88960B00E2E6AC /* Assets.xcassets */ = {isa = PBXFileReference; lastKnownFileType = folder.assetcatalog; path = Assets.xcassets; sourceTree = "<group>"; };
		63ADA3FC1C88960B00E2E6AC /* Base */ = {isa = PBXFileReference; lastKnownFileType = file.storyboard; name = Base; path = Base.lproj/LaunchScreen.storyboard; sourceTree = "<group>"; };
		63ADA3FE1C88960B00E2E6AC /* Info.plist */ = {isa = PBXFileReference; lastKnownFileType = text.plist.xml; path = Info.plist; sourceTree = "<group>"; };
/* End PBXFileReference section */

/* Begin PBXFrameworksBuildPhase section */
		63ADA3EC1C88960B00E2E6AC /* Frameworks */ = {
			isa = PBXFrameworksBuildPhase;
			buildActionMask = 2147483647;
			files = (
			);
			runOnlyForDeploymentPostprocessing = 0;
		};
/* End PBXFrameworksBuildPhase section */

/* Begin PBXGroup section */
		63ADA3E61C88960B00E2E6AC = {
			isa = PBXGroup;
			children = (
				63ADA3F11C88960B00E2E6AC /* SuperCool */,
				63ADA3F01C88960B00E2E6AC /* Products */,
			);
			sourceTree = "<group>";
		};
		63ADA3F01C88960B00E2E6AC /* Products */ = {
			isa = PBXGroup;
			children = (
				63ADA3EF1C88960B00E2E6AC /* SuperCool.app */,
			);
			name = Products;
			sourceTree = "<group>";
		};
		63ADA3F11C88960B00E2E6AC /* SuperCool */ = {
			isa = PBXGroup;
			children = (
				63ADA3F21C88960B00E2E6AC /* AppDelegate.swift */,
				63ADA3F41C88960B00E2E6AC /* ViewController.swift */,
				63ADA3F61C88960B00E2E6AC /* Main.storyboard */,
				63ADA3F91C88960B00E2E6AC /* Assets.xcassets */,
				63ADA3FB1C88960B00E2E6AC /* LaunchScreen.storyboard */,
				63ADA3FE1C88960B00E2E6AC /* Info.plist */,
			);
			path = SuperCool;
			sourceTree = "<group>";
		};
/* End PBXGroup section */

/* Begin PBXNativeTarget section */
		63ADA3EE1C88960B00E2E6AC /* SuperCool */ = {
			isa = PBXNativeTarget;
			buildConfigurationList = 63ADA4011C88960B00E2E6AC /* Build configuration list for PBXNativeTarget "SuperCool" */;
			buildPhases = (
				63ADA3EB1C88960B00E2E6AC /* Sources */,
				63ADA3EC1C88960B00E2E6AC /* Frameworks */,
				63ADA3ED1C88960B00E2E6AC /* Resources */,
			);
			buildRules = (
			);
			dependencies = (
			);
			name = SuperCool;
			productName = SuperCool;
			productReference = 63ADA3EF1C88960B00E2E6AC /* SuperCool.app */;
			productType = "com.apple.product-type.application";
		};
/* End PBXNativeTarget section */

/* Begin PBXProject section */
		63ADA3E71C88960B00E2E6AC /* Project object */ = {
			isa = PBXProject;
			attributes = {
				LastUpgradeCheck = 0700;
				ORGANIZATIONNAME = Vovchik;
				TargetAttributes = {
					63ADA3EE1C88960B00E2E6AC = {
						CreatedOnToolsVersion = 7.0.1;
					};
				};
			};
			buildConfigurationList = 63ADA3EA1C88960B00E2E6AC /* Build configuration list for PBXProject "SuperCool" */;
			compatibilityVersion = "Xcode 3.2";
			developmentRegion = English;
			hasScannedForEncodings = 0;
			knownRegions = (
				en,
				Base,
			);
			mainGroup = 63ADA3E61C88960B00E2E6AC;
			productRefGroup = 63ADA3F01C88960B00E2E6AC /* Products */;
			projectDirPath = "";
			projectRoot = "";
			targets = (
				63ADA3EE1C88960B00E2E6AC /* SuperCool */,
			);
		};
/* End PBXProject section */

/* Begin PBXResourcesBuildPhase section */
		63ADA3ED1C88960B00E2E6AC /* Resources */ = {
			isa = PBXResourcesBuildPhase;
			buildActionMask = 2147483647;
			files = (
				63ADA3FD1C88960B00E2E6AC /* LaunchScreen.storyboard in Resources */,
				63ADA3FA1C88960B00E2E6AC /* Assets.xcassets in Resources */,
				63ADA3F81C88960B00E2E6AC /* Main.storyboard in Resources */,
			);
			runOnlyForDeploymentPostprocessing = 0;
		};
/* End PBXResourcesBuildPhase section */

/* Begin PBXSourcesBuildPhase section */
		63ADA3EB1C88960B00E2E6AC /* Sources */ = {
			isa = PBXSourcesBuildPhase;
			buildActionMask = 2147483647;
			files = (
				63ADA3F51C88960B00E2E6AC /* ViewController.swift in Sources */,
				63ADA3F31C88960B00E2E6AC /* AppDelegate.swift in Sources */,
			);
			runOnlyForDeploymentPostprocessing = 0;
		};
/* End PBXSourcesBuildPhase section */

/* Begin PBXVariantGroup section */
		63ADA3F61C88960B00E2E6AC /* Main.storyboard */ = {
			isa = PBXVariantGroup;
			children = (
				63ADA3F71C88960B00E2E6AC /* Base */,
			);
			name = Main.storyboard;
			sourceTree = "<group>";
		};
		63ADA3FB1C88960B00E2E6AC /* LaunchScreen.storyboard */ = {
			isa = PBXVariantGroup;
			children = (
				63ADA3FC1C88960B00E2E6AC /* Base */,
			);
			name = LaunchScreen.storyboard;
			sourceTree = "<group>";
		};
/* End PBXVariantGroup section */

/* Begin XCBuildConfiguration section */
		63ADA3FF1C88960B00E2E6AC /* Debug */ = {
			isa = XCBuildConfiguration;
			buildSettings = {
				ALWAYS_SEARCH_USER_PATHS = NO;
				CLANG_CXX_LANGUAGE_STANDARD = "gnu++0x";
				CLANG_CXX_LIBRARY = "libc++";
				CLANG_ENABLE_MODULES = YES;
				CLANG_ENABLE_OBJC_ARC = YES;
				CLANG_WARN_BOOL_CONVERSION = YES;
				CLANG_WARN_CONSTANT_CONVERSION = YES;
				CLANG_WARN_DIRECT_OBJC_ISA_USAGE = YES_ERROR;
				CLANG_WARN_EMPTY_BODY = YES;
				CLANG_WARN_ENUM_CONVERSION = YES;
				CLANG_WARN_INT_CONVERSION = YES;
				CLANG_WARN_OBJC_ROOT_CLASS = YES_ERROR;
				CLANG_WARN_UNREACHABLE_CODE = YES;
				CLANG_WARN__DUPLICATE_METHOD_MATCH = YES;
				"CODE_SIGN_IDENTITY[sdk=iphoneos*]" = "iPhone Developer";
				COPY_PHASE_STRIP = NO;
				DEBUG_INFORMATION_FORMAT = dwarf;
				ENABLE_STRICT_OBJC_MSGSEND = YES;
				ENABLE_TESTABILITY = YES;
				GCC_C_LANGUAGE_STANDARD = gnu99;
				GCC_DYNAMIC_NO_PIC = NO;
				GCC_NO_COMMON_BLOCKS = YES;
				GCC_OPTIMIZATION_LEVEL = 0;
				GCC_PREPROCESSOR_DEFINITIONS = (
					"DEBUG=1",
					"$(inherited)",
				);
				GCC_WARN_64_TO_32_BIT_CONVERSION = YES;
				GCC_WARN_ABOUT_RETURN_TYPE = YES_ERROR;
				GCC_WARN_UNDECLARED_SELECTOR = YES;
				GCC_WARN_UNINITIALIZED_AUTOS = YES_AGGRESSIVE;
				GCC_WARN_UNUSED_FUNCTION = YES;
				GCC_WARN_UNUSED_VARIABLE = YES;
				IPHONEOS_DEPLOYMENT_TARGET = 9.0;
				MTL_ENABLE_DEBUG_INFO = YES;
				ONLY_ACTIVE_ARCH = YES;
				SDKROOT = iphoneos;
				SWIFT_OPTIMIZATION_LEVEL = "-Onone";
			};
			name = Debug;
		};
		63ADA4001C88960B00E2E6AC /* Release */ = {
			isa = XCBuildConfiguration;
			buildSettings = {
				ALWAYS_SEARCH_USER_PATHS = NO;
				CLANG_CXX_LANGUAGE_STANDARD = "gnu++0x";
				CLANG_CXX_LIBRARY = "libc++";
				CLANG_ENABLE_MODULES = YES;
				CLANG_ENABLE_OBJC_ARC = YES;
				CLANG_WARN_BOOL_CONVERSION = YES;
				CLANG_WARN_CONSTANT_CONVERSION = YES;
				CLANG_WARN_DIRECT_OBJC_ISA_USAGE = YES_ERROR;
				CLANG_WARN_EMPTY_BODY = YES;
				CLANG_WARN_ENUM_CONVERSION = YES;
				CLANG_WARN_INT_CONVERSION = YES;
				CLANG_WARN_OBJC_ROOT_CLASS = YES_ERROR;
				CLANG_WARN_UNREACHABLE_CODE = YES;
				CLANG_WARN__DUPLICATE_METHOD_MATCH = YES;
				"CODE_SIGN_IDENTITY[sdk=iphoneos*]" = "iPhone Developer";
				COPY_PHASE_STRIP = NO;
				DEBUG_INFORMATION_FORMAT = "dwarf-with-dsym";
				ENABLE_NS_ASSERTIONS = NO;
				ENABLE_STRICT_OBJC_MSGSEND = YES;
				GCC_C_LANGUAGE_STANDARD = gnu99;
				GCC_NO_COMMON_BLOCKS = YES;
				GCC_WARN_64_TO_32_BIT_CONVERSION = YES;
				GCC_WARN_ABOUT_RETURN_TYPE = YES_ERROR;
				GCC_WARN_UNDECLARED_SELECTOR = YES;
				GCC_WARN_UNINITIALIZED_AUTOS = YES_AGGRESSIVE;
				GCC_WARN_UNUSED_FUNCTION = YES;
				GCC_WARN_UNUSED_VARIABLE = YES;
				IPHONEOS_DEPLOYMENT_TARGET = 9.0;
				MTL_ENABLE_DEBUG_INFO = NO;
				SDKROOT = iphoneos;
				VALIDATE_PRODUCT = YES;
			};
			name = Release;
		};
		63ADA4021C88960B00E2E6AC /* Debug */ = {
			isa = XCBuildConfiguration;
			buildSettings = {
				ASSETCATALOG_COMPILER_APPICON_NAME = AppIcon;
				INFOPLIST_FILE = SuperCool/Info.plist;
				LD_RUNPATH_SEARCH_PATHS = "$(inherited) @executable_path/Frameworks";
				PRODUCT_BUNDLE_IDENTIFIER = net.okupi.SuperCool;
				PRODUCT_NAME = "$(TARGET_NAME)";
			};
			name = Debug;
		};
		63ADA4031C88960B00E2E6AC /* Release */ = {
			isa = XCBuildConfiguration;
			buildSettings = {
				ASSETCATALOG_COMPILER_APPICON_NAME = AppIcon;
				INFOPLIST_FILE = SuperCool/Info.plist;
				LD_RUNPATH_SEARCH_PATHS = "$(inherited) @executable_path/Frameworks";
				PRODUCT_BUNDLE_IDENTIFIER = net.okupi.SuperCool;
				PRODUCT_NAME = "$(TARGET_NAME)";
			};
			name = Release;
		};
/* End XCBuildConfiguration section */

/* Begin XCConfigurationList section */
		63ADA3EA1C88960B00E2E6AC /* Build configuration list for PBXProject "SuperCool" */ = {
			isa = XCConfigurationList;
			buildConfigurations = (
				63ADA3FF1C88960B00E2E6AC /* Debug */,
				63ADA4001C88960B00E2E6AC /* Release */,
			);
			defaultConfigurationIsVisible = 0;
			defaultConfigurationName = Release;
		};
		63ADA4011C88960B00E2E6AC /* Build configuration list for PBXNativeTarget "SuperCool" */ = {
			isa = XCConfigurationList;
			buildConfigurations = (
				63ADA4021C88960B00E2E6AC /* Debug */,
				63ADA4031C88960B00E2E6AC /* Release */,
			);
			defaultConfigurationIsVisible = 0;
		};
/* End XCConfigurationList section */
	};
	rootObject = 63ADA3E71C88960B00E2E6AC /* Project object */;
}
